
Microsoft Visual Studio Solution File, Format Version 12.00
# Visual Studio Version 17
VisualStudioVersion = 17.8.34330.188
MinimumVisualStudioVersion = 10.0.40219.1
Project("{FAE04EC0-301F-11D3-BF4B-00C04F79EFBC}") = "Emias", "Emias\Emias.csproj", "{36D5BA1D-B053-4F3A-A984-6359A7E12408}"
EndProject
Global
	GlobalSection(SolutionConfigurationPlatforms) = preSolution
		Debug|Any CPU = Debug|Any CPU
		Release|Any CPU = Release|Any CPU
	EndGlobalSection
	GlobalSection(ProjectConfigurationPlatforms) = postSolution
		{36D5BA1D-B053-4F3A-A984-6359A7E12408}.Debug|Any CPU.ActiveCfg = Debug|Any CPU
		{36D5BA1D-B053-4F3A-A984-6359A7E12408}.Debug|Any CPU.Build.0 = Debug|Any CPU
		{36D5BA1D-B053-4F3A-A984-6359A7E12408}.Release|Any CPU.ActiveCfg = Release|Any CPU
		{36D5BA1D-B053-4F3A-A984-6359A7E12408}.Release|Any CPU.Build.0 = Release|Any CPU
	EndGlobalSection
	GlobalSection(SolutionProperties) = preSolution
		HideSolutionNode = FALSE
	EndGlobalSection
	GlobalSection(ExtensibilityGlobals) = postSolution
		SolutionGuid = {CDB94D99-57D4-481B-87AC-FD8862368274}
	EndGlobalSection
EndGlobal
